dependencies:
- name: agent-manager
  repository: file://charts/agent-manager
  version: 1.0.0
- name: bot-framework
  repository: file://charts/bot-framework
  version: 1.0.0
- name: ccm
  repository: file://charts/ccm
  version: 1.0.0
- name: cim-customer
  repository: file://charts/cim-customer
  version: 1.0.0
- name: conversation-manager
  repository: file://charts/conversation-manager
  version: 1.0.0
- name: conversation-monitor
  repository: file://charts/conversation-monitor
  version: 1.0.0
- name: customer-widget
  repository: file://charts/customer-widget
  version: 1.0.0
- name: file-engine
  repository: file://charts/file-engine
  version: 1.0.0
- name: historical-reports
  repository: file://charts/historical-reports
  version: 1.0.0
- name: license-manager
  repository: file://charts/license-manager
  version: 1.0.0
- name: realtime-reports
  repository: file://charts/realtime-reports
  version: 1.0.0
- name: routing-engine
  repository: file://charts/routing-engine
  version: 1.0.0
- name: state-events-logger
  repository: file://charts/state-events-logger
  version: 1.0.0
- name: team-announcement
  repository: file://charts/team-announcement
  version: 1.0.0
- name: unified-admin
  repository: file://charts/unified-admin
  version: 1.0.0
- name: web-channel-manager
  repository: file://charts/web-channel-manager
  version: 1.0.0
digest: sha256:1405133dfc2c4b857eee2053ca4da51055170f7481b2b34feb5f844b5f7a9871
generated: "2025-01-07T16:44:28.514962+05:00"
