dependencies:
- name: connect360
  repository: file://charts/connect360
  version: 1.0.0
- name: facebook-connector
  repository: file://charts/facebook-connector
  version: 1.0.0
- name: instagram-connector
  repository: file://charts/instagram-connector
  version: 1.0.0
- name: smpp-connector
  repository: file://charts/smpp-connector
  version: 1.0.0
- name: telegram-connector
  repository: file://charts/telegram-connector
  version: 1.0.0
- name: twilio-connector
  repository: file://charts/twilio-connector
  version: 1.0.0
- name: twitter-connector
  repository: file://charts/twitter-connector
  version: 1.0.0
- name: viber-connector
  repository: file://charts/viber-connector
  version: 1.0.0
- name: youtube-connector
  repository: file://charts/youtube-connector
  version: 1.0.0
- name: email-connector
  repository: file://charts/email-connector
  version: 1.0.0
- name: ms-email-connector
  repository: file://charts/ms-email-connector
  version: 1.0.0
- name: whatsapp-connector
  repository: file://charts/whatsapp-connector
  version: 1.0.0
- name: linkedin-connector
  repository: file://charts/linkedin-connector
  version: 1.0.14
- name: google-playstore-connector
  repository: file://charts/google-playstore-connector
  version: 1.0.0
digest: sha256:7bbbe2bff84c80607e9a148379f8b7929992737925ce3d235a3be1a0d7c03b54
generated: "2026-01-26T17:54:18.049729+05:00"
