dependencies:
- name: postgresql
  repository: file://charts/postgresql
  version: 10.15.1
- name: redis
  repository: file://charts/redis
  version: 15.7.4
- name: rabbitmq
  repository: file://charts/rabbitmq
  version: 8.26.0
digest: sha256:01d13aee000e0b1e8491c4ddfa8f81e25cd3f0553f3c3c3fb8364aa76c46c629
generated: "2025-01-21T10:41:53.538716748Z"
