dependencies:
- name: postgresql
  repository: file://charts/postgresql
  version: 10.15.1
- name: redis
  repository: file://charts/redis
  version: 15.7.4
- name: rabbitmq
  repository: file://charts/rabbitmq
  version: 8.26.0
digest: sha256:be2c50fa6f59f91436f7364168a98f82e64a56931be8f917ea8ab2fd6a88ae2d
generated: "2024-12-13T14:05:18.705181693Z"
