dependencies:
- name: postgresql
  repository: oci://registry-1.docker.io/bitnamicharts
  version: 11.9.6
- name: common
  repository: oci://registry-1.docker.io/bitnamicharts
  version: 2.0.3
digest: sha256:5be98d8db072e2ccb4792831e96a0d734ff16f50805069b3e9d2adcf34edd0b1
generated: "2024-12-12T07:46:38.212566882Z"
