dependencies:
- name: crds
  repository: ""
  version: 0.0.0
- name: kube-state-metrics
  repository: file://charts/kube-state-metrics
  version: 5.27.0
- name: prometheus-node-exporter
  repository: file://charts/prometheus-node-exporter
  version: 4.42.0
- name: grafana
  repository: file://charts/grafana
  version: 8.7.0
- name: prometheus-windows-exporter
  repository: file://charts/prometheus-windows-exporter
  version: 0.7.1
digest: sha256:7fdf2bd3aaedb013145931fc6e507145cb2c86bceec9f4c94446f173eba8dccd
generated: "2024-12-14T15:25:03.52101439Z"
