dependencies:
- name: llm-connector
  repository: file://charts/llm-connector
  version: 1.0.14
- name: ai-analyzer
  repository: file://charts/ai-analyzer
  version: 1.0.14
- name: pii-masker
  repository: file://charts/pii-masker
  version: 1.0.0
digest: sha256:f751d0f1a78ba53b42d72ccc2c00654e8474027679e82c6933792b650cef009f
generated: "2026-08-21T17:12:25.599327+05:00"
