dependencies:
- name: campaigns-backend
  repository: file://charts/campaigns-backend
  version: 1.0.0
- name: campaign-studio
  repository: file://charts/campaign-studio
  version: 1.0.0
- name: scheduled-activities
  repository: file://charts/scheduled-activities
  version: 1.0.0
- name: prometheus
  repository: file://charts/prometheus
  version: 1.0.0
digest: sha256:1f85a190e24391a96010874f2c2aa85f0a69e1b7aaef49a68a576bd696ff3fc5
generated: "2026-02-03T15:25:31.482287+05:00"
