dependencies:
- name: campaigns-backend
  repository: file://charts/campaigns-backend
  version: 1.0.0
- name: campaign-studio
  repository: file://charts/campaign-studio
  version: 1.0.0
- name: scheduled-activities
  repository: file://charts/scheduled-activities
  version: 1.0.0
digest: sha256:abdfb7297c7e4ed8af8b9f442a7408ad35cdfaccf170b209bad6e7b3d76c28f5
generated: "2026-01-06T11:22:16.141117+05:00"
